
Microsoft Visual Studio Solution File, Format Version 12.00
# Visual Studio Version 17
VisualStudioVersion = 17.3.32825.248
MinimumVisualStudioVersion = 10.0.40219.1
Project("{FAE04EC0-301F-11D3-BF4B-00C04F79EFBC}") = "interfacesss", "interfacesss\interfacesss.csproj", "{FFC22E81-AA13-4EB7-B25E-242A9C5BDCA9}"
EndProject
Global
	GlobalSection(SolutionConfigurationPlatforms) = preSolution
		Debug|Any CPU = Debug|Any CPU
		Release|Any CPU = Release|Any CPU
	EndGlobalSection
	GlobalSection(ProjectConfigurationPlatforms) = postSolution
		{FFC22E81-AA13-4EB7-B25E-242A9C5BDCA9}.Debug|Any CPU.ActiveCfg = Debug|Any CPU
		{FFC22E81-AA13-4EB7-B25E-242A9C5BDCA9}.Debug|Any CPU.Build.0 = Debug|Any CPU
		{FFC22E81-AA13-4EB7-B25E-242A9C5BDCA9}.Release|Any CPU.ActiveCfg = Release|Any CPU
		{FFC22E81-AA13-4EB7-B25E-242A9C5BDCA9}.Release|Any CPU.Build.0 = Release|Any CPU
	EndGlobalSection
	GlobalSection(SolutionProperties) = preSolution
		HideSolutionNode = FALSE
	EndGlobalSection
	GlobalSection(ExtensibilityGlobals) = postSolution
		SolutionGuid = {9448F95E-3BCC-48A8-885C-E54100B304D7}
	EndGlobalSection
EndGlobal
